
Microsoft Visual Studio Solution File, Format Version 12.00
# Visual Studio Version 17
VisualStudioVersion = 17.7.34221.43
MinimumVisualStudioVersion = 10.0.40219.1
Project("{9A19103F-16F7-4668-BE54-9A1E7A4F7556}") = "EHM_API", "EHM_API\EHM_API.csproj", "{D74C494D-D0C8-474F-9518-2BA603A8D5B9}"
EndProject
Global
	GlobalSection(SolutionConfigurationPlatforms) = preSolution
		Debug|Any CPU = Debug|Any CPU
		Release|Any CPU = Release|Any CPU
	EndGlobalSection
	GlobalSection(ProjectConfigurationPlatforms) = postSolution
		{D74C494D-D0C8-474F-9518-2BA603A8D5B9}.Debug|Any CPU.ActiveCfg = Debug|Any CPU
		{D74C494D-D0C8-474F-9518-2BA603A8D5B9}.Debug|Any CPU.Build.0 = Debug|Any CPU
		{D74C494D-D0C8-474F-9518-2BA603A8D5B9}.Release|Any CPU.ActiveCfg = Release|Any CPU
		{D74C494D-D0C8-474F-9518-2BA603A8D5B9}.Release|Any CPU.Build.0 = Release|Any CPU
	EndGlobalSection
	GlobalSection(SolutionProperties) = preSolution
		HideSolutionNode = FALSE
	EndGlobalSection
	GlobalSection(ExtensibilityGlobals) = postSolution
		SolutionGuid = {E3FAD3B2-A9E8-42D5-A33C-E85BF516704E}
	EndGlobalSection
EndGlobal
